
Microsoft Visual Studio Solution File, Format Version 12.00
# Visual Studio Version 17
VisualStudioVersion = 17.8.34408.163
MinimumVisualStudioVersion = 10.0.40219.1
Project("{FAE04EC0-301F-11D3-BF4B-00C04F79EFBC}") = "GiangVien", "GiangVien.csproj", "{B38041BD-0AE4-4629-9DDC-085E3FBD52BD}"
EndProject
Global
	GlobalSection(SolutionConfigurationPlatforms) = preSolution
		Debug|Any CPU = Debug|Any CPU
		Release|Any CPU = Release|Any CPU
	EndGlobalSection
	GlobalSection(ProjectConfigurationPlatforms) = postSolution
		{B38041BD-0AE4-4629-9DDC-085E3FBD52BD}.Debug|Any CPU.ActiveCfg = Debug|Any CPU
		{B38041BD-0AE4-4629-9DDC-085E3FBD52BD}.Debug|Any CPU.Build.0 = Debug|Any CPU
		{B38041BD-0AE4-4629-9DDC-085E3FBD52BD}.Release|Any CPU.ActiveCfg = Release|Any CPU
		{B38041BD-0AE4-4629-9DDC-085E3FBD52BD}.Release|Any CPU.Build.0 = Release|Any CPU
	EndGlobalSection
	GlobalSection(SolutionProperties) = preSolution
		HideSolutionNode = FALSE
	EndGlobalSection
	GlobalSection(ExtensibilityGlobals) = postSolution
		SolutionGuid = {7D0ECFF6-0556-40A2-A490-E6CB11084543}
	EndGlobalSection
EndGlobal
