
Microsoft Visual Studio Solution File, Format Version 12.00
# Visual Studio Version 17
VisualStudioVersion = 17.8.34408.163
MinimumVisualStudioVersion = 10.0.40219.1
Project("{FAE04EC0-301F-11D3-BF4B-00C04F79EFBC}") = "DocTapTinJSON", "DocTapTinJSON\DocTapTinJSON.csproj", "{99752F8F-9474-48B9-983D-06FA09B8BE0B}"
EndProject
Global
	GlobalSection(SolutionConfigurationPlatforms) = preSolution
		Debug|Any CPU = Debug|Any CPU
		Release|Any CPU = Release|Any CPU
	EndGlobalSection
	GlobalSection(ProjectConfigurationPlatforms) = postSolution
		{99752F8F-9474-48B9-983D-06FA09B8BE0B}.Debug|Any CPU.ActiveCfg = Debug|Any CPU
		{99752F8F-9474-48B9-983D-06FA09B8BE0B}.Debug|Any CPU.Build.0 = Debug|Any CPU
		{99752F8F-9474-48B9-983D-06FA09B8BE0B}.Release|Any CPU.ActiveCfg = Release|Any CPU
		{99752F8F-9474-48B9-983D-06FA09B8BE0B}.Release|Any CPU.Build.0 = Release|Any CPU
	EndGlobalSection
	GlobalSection(SolutionProperties) = preSolution
		HideSolutionNode = FALSE
	EndGlobalSection
	GlobalSection(ExtensibilityGlobals) = postSolution
		SolutionGuid = {0D31047E-3C16-4F04-8736-0282F898CBD8}
	EndGlobalSection
EndGlobal
